
Microsoft Visual Studio Solution File, Format Version 12.00
# Visual Studio Version 17
VisualStudioVersion = 17.14.37216.2 d17.14
MinimumVisualStudioVersion = 10.0.40219.1
Project("{FAE04EC0-301F-11D3-BF4B-00C04F79EFBC}") = "Curio.API", "Curio.API\Curio.API.csproj", "{14A6D8A0-2FB7-4E2C-9A56-A88D16B181D1}"
EndProject
Project("{FAE04EC0-301F-11D3-BF4B-00C04F79EFBC}") = "Curio.Shared", "Curio.Shared\Curio.Shared.csproj", "{58EB40D1-8A6F-403B-970D-306BD944CA1B}"
EndProject
Project("{FAE04EC0-301F-11D3-BF4B-00C04F79EFBC}") = "Curio.Modules.Users", "Curio.Modules.Users\Curio.Modules.Users.csproj", "{C1E7DAAD-C7A2-4FF5-B53E-8859D8784FFA}"
EndProject
Project("{FAE04EC0-301F-11D3-BF4B-00C04F79EFBC}") = "Curio.Modules.Questions", "Curio.Modules.Questions\Curio.Modules.Questions.csproj", "{E2CB13DD-051D-4EBF-920D-EB9A53F419DD}"
EndProject
Project("{FAE04EC0-301F-11D3-BF4B-00C04F79EFBC}") = "Curio.Modules.Answers", "Curio.Modules.Answers\Curio.Modules.Answers.csproj", "{1524D0E7-AC1F-44A3-8ECD-120DB63C05D1}"
EndProject
Project("{FAE04EC0-301F-11D3-BF4B-00C04F79EFBC}") = "Curio.Modules.Notifications", "Curio.Modules.Notifications\Curio.Modules.Notifications.csproj", "{1A0A9764-3F32-481D-AE95-79C462B3A1DF}"
EndProject
Global
	GlobalSection(SolutionConfigurationPlatforms) = preSolution
		Debug|Any CPU = Debug|Any CPU
		Release|Any CPU = Release|Any CPU
	EndGlobalSection
	GlobalSection(ProjectConfigurationPlatforms) = postSolution
		{14A6D8A0-2FB7-4E2C-9A56-A88D16B181D1}.Debug|Any CPU.ActiveCfg = Debug|Any CPU
		{14A6D8A0-2FB7-4E2C-9A56-A88D16B181D1}.Debug|Any CPU.Build.0 = Debug|Any CPU
		{14A6D8A0-2FB7-4E2C-9A56-A88D16B181D1}.Release|Any CPU.ActiveCfg = Release|Any CPU
		{14A6D8A0-2FB7-4E2C-9A56-A88D16B181D1}.Release|Any CPU.Build.0 = Release|Any CPU
		{58EB40D1-8A6F-403B-970D-306BD944CA1B}.Debug|Any CPU.ActiveCfg = Debug|Any CPU
		{58EB40D1-8A6F-403B-970D-306BD944CA1B}.Debug|Any CPU.Build.0 = Debug|Any CPU
		{58EB40D1-8A6F-403B-970D-306BD944CA1B}.Release|Any CPU.ActiveCfg = Release|Any CPU
		{58EB40D1-8A6F-403B-970D-306BD944CA1B}.Release|Any CPU.Build.0 = Release|Any CPU
		{C1E7DAAD-C7A2-4FF5-B53E-8859D8784FFA}.Debug|Any CPU.ActiveCfg = Debug|Any CPU
		{C1E7DAAD-C7A2-4FF5-B53E-8859D8784FFA}.Debug|Any CPU.Build.0 = Debug|Any CPU
		{C1E7DAAD-C7A2-4FF5-B53E-8859D8784FFA}.Release|Any CPU.ActiveCfg = Release|Any CPU
		{C1E7DAAD-C7A2-4FF5-B53E-8859D8784FFA}.Release|Any CPU.Build.0 = Release|Any CPU
		{E2CB13DD-051D-4EBF-920D-EB9A53F419DD}.Debug|Any CPU.ActiveCfg = Debug|Any CPU
		{E2CB13DD-051D-4EBF-920D-EB9A53F419DD}.Debug|Any CPU.Build.0 = Debug|Any CPU
		{E2CB13DD-051D-4EBF-920D-EB9A53F419DD}.Release|Any CPU.ActiveCfg = Release|Any CPU
		{E2CB13DD-051D-4EBF-920D-EB9A53F419DD}.Release|Any CPU.Build.0 = Release|Any CPU
		{1524D0E7-AC1F-44A3-8ECD-120DB63C05D1}.Debug|Any CPU.ActiveCfg = Debug|Any CPU
		{1524D0E7-AC1F-44A3-8ECD-120DB63C05D1}.Debug|Any CPU.Build.0 = Debug|Any CPU
		{1524D0E7-AC1F-44A3-8ECD-120DB63C05D1}.Release|Any CPU.ActiveCfg = Release|Any CPU
		{1524D0E7-AC1F-44A3-8ECD-120DB63C05D1}.Release|Any CPU.Build.0 = Release|Any CPU
		{1A0A9764-3F32-481D-AE95-79C462B3A1DF}.Debug|Any CPU.ActiveCfg = Debug|Any CPU
		{1A0A9764-3F32-481D-AE95-79C462B3A1DF}.Debug|Any CPU.Build.0 = Debug|Any CPU
		{1A0A9764-3F32-481D-AE95-79C462B3A1DF}.Release|Any CPU.ActiveCfg = Release|Any CPU
		{1A0A9764-3F32-481D-AE95-79C462B3A1DF}.Release|Any CPU.Build.0 = Release|Any CPU
	EndGlobalSection
	GlobalSection(SolutionProperties) = preSolution
		HideSolutionNode = FALSE
	EndGlobalSection
	GlobalSection(ExtensibilityGlobals) = postSolution
		SolutionGuid = {DC9F1842-27DF-4A7F-8D2D-2C703CD97C0D}
	EndGlobalSection
EndGlobal
